<?xml version="1.0" encoding="UTF-8" standalone="yes" ?>
<CodeBlocks_project_file>
	<FileVersion major="1" minor="6" />
	<Project>
		<Option title="sol210727" />
		<Option pch_mode="2" />
		<Option compiler="gcc" />
		<Build>
			<Target title="Debug">
				<Option output="bin/Debug/sol210727" prefix_auto="1" extension_auto="1" />
				<Option object_output="obj/Debug/" />
				<Option type="1" />
				<Option compiler="gcc" />
				<Compiler>
					<Add option="-g" />
					<Add directory="include" />
				</Compiler>
			</Target>
			<Target title="Release">
				<Option output="bin/Release/sol210727" prefix_auto="1" extension_auto="1" />
				<Option object_output="obj/Release/" />
				<Option type="1" />
				<Option compiler="gcc" />
				<Compiler>
					<Add option="-O2" />
					<Add directory="include" />
				</Compiler>
				<Linker>
					<Add option="-s" />
				</Linker>
			</Target>
		</Build>
		<Compiler>
			<Add option="-Wall" />
			<Add option="-fexceptions" />
		</Compiler>
		<Unit filename="include/Camicia.h" />
		<Unit filename="include/Cliente.h" />
		<Unit filename="include/Gonna.h" />
		<Unit filename="include/Negozio.h" />
		<Unit filename="include/Pantalone.h" />
		<Unit filename="include/Vestito.h" />
		<Unit filename="main.cpp" />
		<Unit filename="src/Camicia.cpp" />
		<Unit filename="src/Cliente.cpp" />
		<Unit filename="src/Gonna.cpp" />
		<Unit filename="src/Negozio.cpp" />
		<Unit filename="src/Pantalone.cpp" />
		<Unit filename="src/Vestito.cpp" />
		<Extensions>
			<code_completion />
			<envvars />
			<debugger />
			<lib_finder disable_auto="1" />
		</Extensions>
	</Project>
</CodeBlocks_project_file>
